dependencies:
  '@types/node': 14.11.10
  '@types/node-fetch': 2.5.7
  node-fetch: 2.6.1
  tslib: 2.0.3
lockfileVersion: 5.2
packages:
  /@types/node-fetch/2.5.7:
    dependencies:
      '@types/node': 14.11.10
      form-data: 3.0.0
    dev: false
    resolution:
      integrity: sha512-o2WVNf5UhWRkxlf6eq+jMZDu7kjgpgJfl4xVNlvryc95O/6F2ld8ztKX+qu+Rjyet93WAWm5LjeX9H5FGkODvw==
  /@types/node/14.11.10:
    dev: false
    resolution:
      integrity: sha512-yV1nWZPlMFpoXyoknm4S56y2nlTAuFYaJuQtYRAOU7xA/FJ9RY0Xm7QOkaYMMmr8ESdHIuUb6oQgR/0+2NqlyA==
  /asynckit/0.4.0:
    dev: false
    resolution:
      integrity: sha1-x57Zf380y48robyXkLzDZkdLS3k=
  /combined-stream/1.0.8:
    dependencies:
      delayed-stream: 1.0.0
    dev: false
    engines:
      node: '>= 0.8'
    resolution:
      integrity: sha512-FQN4MRfuJeHf7cBbBMJFXhKSDq+2kAArBlmRBvcvFE5BB1HZKXtSFASDhdlz9zOYwxh8lDdnvmMOe/+5cdoEdg==
  /delayed-stream/1.0.0:
    dev: false
    engines:
      node: '>=0.4.0'
    resolution:
      integrity: sha1-3zrhmayt+31ECqrgsp4icrJOxhk=
  /form-data/3.0.0:
    dependencies:
      asynckit: 0.4.0
      combined-stream: 1.0.8
      mime-types: 2.1.27
    dev: false
    engines:
      node: '>= 6'
    resolution:
      integrity: sha512-CKMFDglpbMi6PyN+brwB9Q/GOw0eAnsrEZDgcsH5Krhz5Od/haKHAX0NmQfha2zPPz0JpWzA7GJHGSnvCRLWsg==
  /mime-db/1.44.0:
    dev: false
    engines:
      node: '>= 0.6'
    resolution:
      integrity: sha512-/NOTfLrsPBVeH7YtFPgsVWveuL+4SjjYxaQ1xtM1KMFj7HdxlBlxeyNLzhyJVx7r4rZGJAZ/6lkKCitSc/Nmpg==
  /mime-types/2.1.27:
    dependencies:
      mime-db: 1.44.0
    dev: false
    engines:
      node: '>= 0.6'
    resolution:
      integrity: sha512-JIhqnCasI9yD+SsmkquHBxTSEuZdQX5BuQnS2Vc7puQQQ+8yiP5AY5uWhpdv4YL4VM5c6iliiYWPgJ/nJQLp7w==
  /node-fetch/2.6.1:
    dev: false
    engines:
      node: 4.x || >=6.0.0
    resolution:
      integrity: sha512-V4aYg89jEoVRxRb2fJdAg8FHvI7cEyYdVAh94HH0UIK8oJxUfkjlDQN9RbMx+bEjP7+ggMiFRprSti032Oipxw==
  /tslib/2.0.3:
    dev: false
    resolution:
      integrity: sha512-uZtkfKblCEQtZKBF6EBXVZeQNl82yqtDQdv+eck8u7tdPxjLu2/lp5/uPW+um2tpuxINHWy3GhiccY7QgEaVHQ==
specifiers:
  '@types/node': ^14.11.10
  '@types/node-fetch': ^2.5.7
  node-fetch: ^2.6.1
  tslib: ^2.0.3
